
Microsoft Visual Studio Solution File, Format Version 12.00
# Visual Studio 2012
Project("{FAE04EC0-301F-11D3-BF4B-00C04F79EFBC}") = "DotNetCorePOC.ConsoleApp", "DotNetCorePOC.ConsoleApp\DotNetCorePOC.ConsoleApp.csproj", "{EA5CB46A-967A-419D-82AF-7B847704ABEE}"
EndProject
Project("{FAE04EC0-301F-11D3-BF4B-00C04F79EFBC}") = "DotNetCorePOC.Web", "DotNetCorePOC.Web\DotNetCorePOC.Web.csproj", "{E2011CB7-91ED-4A85-85E3-FD89306DE117}"
EndProject
Global
	GlobalSection(SolutionConfigurationPlatforms) = preSolution
		Debug|Any CPU = Debug|Any CPU
		Release|Any CPU = Release|Any CPU
	EndGlobalSection
	GlobalSection(ProjectConfigurationPlatforms) = postSolution
		{EA5CB46A-967A-419D-82AF-7B847704ABEE}.Debug|Any CPU.ActiveCfg = Debug|Any CPU
		{EA5CB46A-967A-419D-82AF-7B847704ABEE}.Debug|Any CPU.Build.0 = Debug|Any CPU
		{EA5CB46A-967A-419D-82AF-7B847704ABEE}.Release|Any CPU.ActiveCfg = Release|Any CPU
		{EA5CB46A-967A-419D-82AF-7B847704ABEE}.Release|Any CPU.Build.0 = Release|Any CPU
		{E2011CB7-91ED-4A85-85E3-FD89306DE117}.Debug|Any CPU.ActiveCfg = Debug|Any CPU
		{E2011CB7-91ED-4A85-85E3-FD89306DE117}.Debug|Any CPU.Build.0 = Debug|Any CPU
		{E2011CB7-91ED-4A85-85E3-FD89306DE117}.Release|Any CPU.ActiveCfg = Release|Any CPU
		{E2011CB7-91ED-4A85-85E3-FD89306DE117}.Release|Any CPU.Build.0 = Release|Any CPU
	EndGlobalSection
EndGlobal
